
Microsoft Visual Studio Solution File, Format Version 12.00
# Visual Studio Version 17
VisualStudioVersion = 17.9.34728.123
MinimumVisualStudioVersion = 10.0.40219.1
Project("{9A19103F-16F7-4668-BE54-9A1E7A4F7556}") = "Clinica.Api", "Clinica.Api.csproj", "{39AF346F-C718-4FD9-87B6-30C9A7E4565B}"
EndProject
Project("{9A19103F-16F7-4668-BE54-9A1E7A4F7556}") = "Clinica.Dominio", "..\Clinica.Dominio\Clinica.Dominio.csproj", "{B49032E6-733D-4E98-9718-5DD475A83886}"
EndProject
Project("{2150E333-8FDC-42A3-9474-1A3956D46DE8}") = "02.Clinica.Dominio", "02.Clinica.Dominio", "{59C1257A-D0D3-4419-81FF-B42BDAAA94C1}"
EndProject
Project("{2150E333-8FDC-42A3-9474-1A3956D46DE8}") = "01.Clinica.Presentacion", "01.Clinica.Presentacion", "{3D17DFA3-76EE-476A-AC35-E8008D595A94}"
EndProject
Project("{2150E333-8FDC-42A3-9474-1A3956D46DE8}") = "03.Clinica.Infraestructura", "03.Clinica.Infraestructura", "{757B1BC3-3A9B-42AD-B844-A37ECC9A7A24}"
EndProject
Project("{9A19103F-16F7-4668-BE54-9A1E7A4F7556}") = "Clinica.Infraestructura.Datos", "..\Clinica.Infraestructura.Datos\Clinica.Infraestructura.Datos.csproj", "{4D20B2E5-99C9-4A2D-89E4-A121F545A45A}"
EndProject
Project("{9A19103F-16F7-4668-BE54-9A1E7A4F7556}") = "Clinica.Infraestructura.Transversal", "..\Clinica.Infraestructura.Transversal\Clinica.Infraestructura.Transversal.csproj", "{64E00040-4F5C-4F7D-B9B4-2D9450E5060E}"
EndProject
Project("{9A19103F-16F7-4668-BE54-9A1E7A4F7556}") = "Clinica.Tests.UnitTests", "..\Clinica.Tests.UnitTests\Clinica.Tests.UnitTests.csproj", "{D981EF79-1F30-49C0-8E6E-F7C99B1C7613}"
EndProject
Project("{2150E333-8FDC-42A3-9474-1A3956D46DE8}") = "04.Clinica.Tests", "04.Clinica.Tests", "{F88B7623-2C51-48E3-8F5F-8CEB7D31E84B}"
EndProject
Project("{FAE04EC0-301F-11D3-BF4B-00C04F79EFBC}") = "Clinica.Tests.BDD", "..\Clinica.Tests.BDD\Clinica.Tests.BDD.csproj", "{1A114560-9588-4AD0-8F35-A74E4750FE2E}"
EndProject
Global
	GlobalSection(SolutionConfigurationPlatforms) = preSolution
		Debug|Any CPU = Debug|Any CPU
		Release|Any CPU = Release|Any CPU
	EndGlobalSection
	GlobalSection(ProjectConfigurationPlatforms) = postSolution
		{39AF346F-C718-4FD9-87B6-30C9A7E4565B}.Debug|Any CPU.ActiveCfg = Debug|Any CPU
		{39AF346F-C718-4FD9-87B6-30C9A7E4565B}.Debug|Any CPU.Build.0 = Debug|Any CPU
		{39AF346F-C718-4FD9-87B6-30C9A7E4565B}.Release|Any CPU.ActiveCfg = Release|Any CPU
		{39AF346F-C718-4FD9-87B6-30C9A7E4565B}.Release|Any CPU.Build.0 = Release|Any CPU
		{B49032E6-733D-4E98-9718-5DD475A83886}.Debug|Any CPU.ActiveCfg = Debug|Any CPU
		{B49032E6-733D-4E98-9718-5DD475A83886}.Debug|Any CPU.Build.0 = Debug|Any CPU
		{B49032E6-733D-4E98-9718-5DD475A83886}.Release|Any CPU.ActiveCfg = Release|Any CPU
		{B49032E6-733D-4E98-9718-5DD475A83886}.Release|Any CPU.Build.0 = Release|Any CPU
		{4D20B2E5-99C9-4A2D-89E4-A121F545A45A}.Debug|Any CPU.ActiveCfg = Debug|Any CPU
		{4D20B2E5-99C9-4A2D-89E4-A121F545A45A}.Debug|Any CPU.Build.0 = Debug|Any CPU
		{4D20B2E5-99C9-4A2D-89E4-A121F545A45A}.Release|Any CPU.ActiveCfg = Release|Any CPU
		{4D20B2E5-99C9-4A2D-89E4-A121F545A45A}.Release|Any CPU.Build.0 = Release|Any CPU
		{64E00040-4F5C-4F7D-B9B4-2D9450E5060E}.Debug|Any CPU.ActiveCfg = Debug|Any CPU
		{64E00040-4F5C-4F7D-B9B4-2D9450E5060E}.Debug|Any CPU.Build.0 = Debug|Any CPU
		{64E00040-4F5C-4F7D-B9B4-2D9450E5060E}.Release|Any CPU.ActiveCfg = Release|Any CPU
		{64E00040-4F5C-4F7D-B9B4-2D9450E5060E}.Release|Any CPU.Build.0 = Release|Any CPU
		{D981EF79-1F30-49C0-8E6E-F7C99B1C7613}.Debug|Any CPU.ActiveCfg = Debug|Any CPU
		{D981EF79-1F30-49C0-8E6E-F7C99B1C7613}.Debug|Any CPU.Build.0 = Debug|Any CPU
		{D981EF79-1F30-49C0-8E6E-F7C99B1C7613}.Release|Any CPU.ActiveCfg = Release|Any CPU
		{D981EF79-1F30-49C0-8E6E-F7C99B1C7613}.Release|Any CPU.Build.0 = Release|Any CPU
		{1A114560-9588-4AD0-8F35-A74E4750FE2E}.Debug|Any CPU.ActiveCfg = Debug|Any CPU
		{1A114560-9588-4AD0-8F35-A74E4750FE2E}.Debug|Any CPU.Build.0 = Debug|Any CPU
		{1A114560-9588-4AD0-8F35-A74E4750FE2E}.Release|Any CPU.ActiveCfg = Release|Any CPU
		{1A114560-9588-4AD0-8F35-A74E4750FE2E}.Release|Any CPU.Build.0 = Release|Any CPU
	EndGlobalSection
	GlobalSection(SolutionProperties) = preSolution
		HideSolutionNode = FALSE
	EndGlobalSection
	GlobalSection(NestedProjects) = preSolution
		{39AF346F-C718-4FD9-87B6-30C9A7E4565B} = {3D17DFA3-76EE-476A-AC35-E8008D595A94}
		{B49032E6-733D-4E98-9718-5DD475A83886} = {59C1257A-D0D3-4419-81FF-B42BDAAA94C1}
		{4D20B2E5-99C9-4A2D-89E4-A121F545A45A} = {757B1BC3-3A9B-42AD-B844-A37ECC9A7A24}
		{64E00040-4F5C-4F7D-B9B4-2D9450E5060E} = {757B1BC3-3A9B-42AD-B844-A37ECC9A7A24}
		{D981EF79-1F30-49C0-8E6E-F7C99B1C7613} = {F88B7623-2C51-48E3-8F5F-8CEB7D31E84B}
		{1A114560-9588-4AD0-8F35-A74E4750FE2E} = {F88B7623-2C51-48E3-8F5F-8CEB7D31E84B}
	EndGlobalSection
	GlobalSection(ExtensibilityGlobals) = postSolution
		SolutionGuid = {5FD84735-29E7-4F66-8A16-844DFDADCD1E}
	EndGlobalSection
EndGlobal
